
Microsoft Visual Studio Solution File, Format Version 12.00
# Visual Studio 15
VisualStudioVersion = 15.0.27428.2037
MinimumVisualStudioVersion = 10.0.40219.1
Project("{8BC9CEB8-8B4A-11D0-8D11-00A0C91BC942}") = "nettest", "nettest.vcxproj", "{455C3EFE-1DCB-4266-9928-70A304C24FD6}"
EndProject
Project("{8BC9CEB8-8B4A-11D0-8D11-00A0C91BC942}") = "StaticLib", "..\StaticLib\StaticLib.vcxproj", "{126652EF-96BE-45BA-BBAB-47F57C8E694C}"
EndProject
Global
	GlobalSection(SolutionConfigurationPlatforms) = preSolution
		Debug|x64 = Debug|x64
		Debug|x86 = Debug|x86
		Release|x64 = Release|x64
		Release|x86 = Release|x86
	EndGlobalSection
	GlobalSection(ProjectConfigurationPlatforms) = postSolution
		{455C3EFE-1DCB-4266-9928-70A304C24FD6}.Debug|x64.ActiveCfg = Debug|x64
		{455C3EFE-1DCB-4266-9928-70A304C24FD6}.Debug|x64.Build.0 = Debug|x64
		{455C3EFE-1DCB-4266-9928-70A304C24FD6}.Debug|x86.ActiveCfg = Debug|Win32
		{455C3EFE-1DCB-4266-9928-70A304C24FD6}.Debug|x86.Build.0 = Debug|Win32
		{455C3EFE-1DCB-4266-9928-70A304C24FD6}.Release|x64.ActiveCfg = Release|x64
		{455C3EFE-1DCB-4266-9928-70A304C24FD6}.Release|x64.Build.0 = Release|x64
		{455C3EFE-1DCB-4266-9928-70A304C24FD6}.Release|x86.ActiveCfg = Release|Win32
		{455C3EFE-1DCB-4266-9928-70A304C24FD6}.Release|x86.Build.0 = Release|Win32
		{126652EF-96BE-45BA-BBAB-47F57C8E694C}.Debug|x64.ActiveCfg = Debug|x64
		{126652EF-96BE-45BA-BBAB-47F57C8E694C}.Debug|x64.Build.0 = Debug|x64
		{126652EF-96BE-45BA-BBAB-47F57C8E694C}.Debug|x86.ActiveCfg = Debug|Win32
		{126652EF-96BE-45BA-BBAB-47F57C8E694C}.Debug|x86.Build.0 = Debug|Win32
		{126652EF-96BE-45BA-BBAB-47F57C8E694C}.Release|x64.ActiveCfg = Release|x64
		{126652EF-96BE-45BA-BBAB-47F57C8E694C}.Release|x64.Build.0 = Release|x64
		{126652EF-96BE-45BA-BBAB-47F57C8E694C}.Release|x86.ActiveCfg = Release|Win32
		{126652EF-96BE-45BA-BBAB-47F57C8E694C}.Release|x86.Build.0 = Release|Win32
	EndGlobalSection
	GlobalSection(SolutionProperties) = preSolution
		HideSolutionNode = FALSE
	EndGlobalSection
	GlobalSection(ExtensibilityGlobals) = postSolution
		SolutionGuid = {2001218A-384A-4B2A-A02B-2887F76CEF30}
	EndGlobalSection
EndGlobal
