<?xml version="1.0" encoding="utf-8"?>
<Project ToolsVersion="4.0" xmlns="http://schemas.microsoft.com/developer/msbuild/2003">
  <ItemGroup>
    <Filter Include="Source Files">
      <UniqueIdentifier>{4FC737F1-C7A5-4376-A066-2A32D752A2FF}</UniqueIdentifier>
      <Extensions>cpp;c;cc;cxx;def;odl;idl;hpj;bat;asm;asmx</Extensions>
    </Filter>
    <Filter Include="Header Files">
      <UniqueIdentifier>{93995380-89BD-4b04-88EB-625FBE52EBFB}</UniqueIdentifier>
      <Extensions>h;hh;hpp;hxx;hm;inl;inc;ipp;xsd</Extensions>
    </Filter>
    <Filter Include="Resource Files">
      <UniqueIdentifier>{67DA6AB6-F800-4c08-8B7A-83BB121AAD01}</UniqueIdentifier>
      <Extensions>rc;ico;cur;bmp;dlg;rc2;rct;bin;rgs;gif;jpg;jpeg;jpe;resx;tiff;tif;png;wav;mfcribbon-ms</Extensions>
    </Filter>
  </ItemGroup>
  <ItemGroup>
    <ClInclude Include="targetver.h">
      <Filter>Source Files</Filter>
    </ClInclude>
    <ClInclude Include="stdafx.h">
      <Filter>Source Files</Filter>
    </ClInclude>
    <ClInclude Include="base\singlton\Singleton.h">
      <Filter>Header Files</Filter>
    </ClInclude>
    <ClInclude Include="base\singlton\SingletonManager.h">
      <Filter>Header Files</Filter>
    </ClInclude>
    <ClInclude Include="net\messagequeue\circle_queue.h">
      <Filter>Header Files</Filter>
    </ClInclude>
    <ClInclude Include="net\messagequeue\common_define.h">
      <Filter>Header Files</Filter>
    </ClInclude>
    <ClInclude Include="net\messagequeue\message_queue.h">
      <Filter>Header Files</Filter>
    </ClInclude>
    <ClInclude Include="net\MsgProcessHandler.h">
      <Filter>Header Files</Filter>
    </ClInclude>
    <ClInclude Include="net\NetManager.h">
      <Filter>Header Files</Filter>
    </ClInclude>
    <ClInclude Include="net\package.head.h">
      <Filter>Header Files</Filter>
    </ClInclude>
    <ClInclude Include="net\socket\BSDSocket.h">
      <Filter>Header Files</Filter>
    </ClInclude>
    <ClInclude Include="net\socket\Downloader.h">
      <Filter>Header Files</Filter>
    </ClInclude>
    <ClInclude Include="net\socket\IMessageProtocolDelegate.h">
      <Filter>Header Files</Filter>
    </ClInclude>
    <ClInclude Include="net\socket\net-common.h">
      <Filter>Header Files</Filter>
    </ClInclude>
    <ClInclude Include="net\socket\SocketManager.h">
      <Filter>Header Files</Filter>
    </ClInclude>
    <ClInclude Include="net\socket\Thread_t.h">
      <Filter>Header Files</Filter>
    </ClInclude>
  </ItemGroup>
  <ItemGroup>
    <ClCompile Include="nettest.cpp">
      <Filter>Source Files</Filter>
    </ClCompile>
    <ClCompile Include="stdafx.cpp">
      <Filter>Source Files</Filter>
    </ClCompile>
    <ClCompile Include="base\singlton\SingletonManager.cpp">
      <Filter>Source Files</Filter>
    </ClCompile>
    <ClCompile Include="net\messagequeue\circle_queue.cpp">
      <Filter>Source Files</Filter>
    </ClCompile>
    <ClCompile Include="net\messagequeue\message_queue.cpp">
      <Filter>Source Files</Filter>
    </ClCompile>
    <ClCompile Include="net\MsgProcessHandler.cpp">
      <Filter>Source Files</Filter>
    </ClCompile>
    <ClCompile Include="net\NetManager.cpp">
      <Filter>Source Files</Filter>
    </ClCompile>
    <ClCompile Include="net\socket\BSDSocket.cpp">
      <Filter>Source Files</Filter>
    </ClCompile>
    <ClCompile Include="net\socket\Downloader.cpp">
      <Filter>Source Files</Filter>
    </ClCompile>
    <ClCompile Include="net\socket\SocketManager.cpp">
      <Filter>Source Files</Filter>
    </ClCompile>
  </ItemGroup>
</Project>